
Microsoft Visual Studio Solution File, Format Version 12.00
# Visual Studio 15
Project("{FAE04EC0-301F-11D3-BF4B-00C04F79EFBC}") = "Splat.ReactiveUIExtensions", "Splat.ReactiveUIExtensions.csproj", "{6A5BB026-6E21-4085-9B87-539EFE9F03D1}"
EndProject
Global
	GlobalSection(SolutionConfigurationPlatforms) = preSolution
		Debug|Any CPU = Debug|Any CPU
		Release|Any CPU = Release|Any CPU
	EndGlobalSection
	GlobalSection(ProjectConfigurationPlatforms) = postSolution
		{6A5BB026-6E21-4085-9B87-539EFE9F03D1}.Debug|Any CPU.ActiveCfg = Debug|Any CPU
		{6A5BB026-6E21-4085-9B87-539EFE9F03D1}.Debug|Any CPU.Build.0 = Debug|Any CPU
		{6A5BB026-6E21-4085-9B87-539EFE9F03D1}.Release|Any CPU.ActiveCfg = Release|Any CPU
		{6A5BB026-6E21-4085-9B87-539EFE9F03D1}.Release|Any CPU.Build.0 = Release|Any CPU
	EndGlobalSection
	GlobalSection(MonoDevelopProperties) = preSolution
		Policies = $0
		$0.VersionControlPolicy = $1
		version = 1.0.0
	EndGlobalSection
EndGlobal
